
Microsoft Visual Studio Solution File, Format Version 12.00
# Visual Studio Version 16
VisualStudioVersion = 16.0.33801.447
MinimumVisualStudioVersion = 10.0.40219.1
Project("{FAE04EC0-301F-11D3-BF4B-00C04F79EFBC}") = "Data Transceiver Center", "Data Transceiver Center\Data Transceiver Center.csproj", "{0B6D08A8-A6BA-4EFC-8815-C98D402DCACD}"
EndProject
Project("{54435603-DBB4-11D2-8724-00A0C9A8B90C}") = "DataTransceiverCenter_setup", "setup\DataTransceiverCenter_setup\DataTransceiverCenter_setup.vdproj", "{A80D04FA-0CD2-407E-922D-13560046F34E}"
EndProject
Global
	GlobalSection(SolutionConfigurationPlatforms) = preSolution
		Debug|Any CPU = Debug|Any CPU
	EndGlobalSection
	GlobalSection(ProjectConfigurationPlatforms) = postSolution
		{0B6D08A8-A6BA-4EFC-8815-C98D402DCACD}.Debug|Any CPU.ActiveCfg = Debug|Any CPU
		{0B6D08A8-A6BA-4EFC-8815-C98D402DCACD}.Debug|Any CPU.Build.0 = Debug|Any CPU
		{A80D04FA-0CD2-407E-922D-13560046F34E}.Debug|Any CPU.ActiveCfg = Debug
		{A80D04FA-0CD2-407E-922D-13560046F34E}.Debug|Any CPU.Build.0 = Debug
	EndGlobalSection
	GlobalSection(SolutionProperties) = preSolution
		HideSolutionNode = FALSE
	EndGlobalSection
	GlobalSection(ExtensibilityGlobals) = postSolution
		SolutionGuid = {08B5AB1F-C924-4F66-B810-A291DD5C054D}
	EndGlobalSection
EndGlobal
